
Microsoft Visual Studio Solution File, Format Version 12.00
# Visual Studio Version 17
VisualStudioVersion = 17.2.32526.322
MinimumVisualStudioVersion = 10.0.40219.1
Project("{2150E333-8FDC-42A3-9474-1A3956D46DE8}") = "Solution Items", "Solution Items", "{4A7CD43B-F5E5-4FF8-9A01-5ECA93EAB945}"
	ProjectSection(SolutionItems) = preProject
		..\..\..\Desktop\Migrations.xlsx = ..\..\..\Desktop\Migrations.xlsx
		TODO.txt = TODO.txt
	EndProjectSection
EndProject
Project("{FAE04EC0-301F-11D3-BF4B-00C04F79EFBC}") = "APKA_TEST", "APKA_TEST\APKA_TEST.csproj", "{5B7710F0-B8D5-4742-B42A-82F50EE6D4D9}"
EndProject
Project("{FAE04EC0-301F-11D3-BF4B-00C04F79EFBC}") = "APKA_TEST.Domain", "APKA_TEST.Domain\APKA_TEST.Domain.csproj", "{10C74590-5E94-4AD2-9455-8779D2CBBBFE}"
EndProject
Project("{9A19103F-16F7-4668-BE54-9A1E7A4F7556}") = "Migrator.Tests", "Migrator.Tests\Migrator.Tests.csproj", "{256C3741-2E99-4B2C-8212-5358D3FA36CA}"
EndProject
Project("{FAE04EC0-301F-11D3-BF4B-00C04F79EFBC}") = "Migrator", "Migrator\Migrator.csproj", "{9E8C493E-234B-492F-87F9-43DF48F91EE3}"
EndProject
Project("{FAE04EC0-301F-11D3-BF4B-00C04F79EFBC}") = "Migrator.ISQLProvider", "Migrator.ISQLProvider\Migrator.ISQLProvider.csproj", "{27F7304F-FD36-4911-8F6E-A193250A9F39}"
EndProject
Project("{FAE04EC0-301F-11D3-BF4B-00C04F79EFBC}") = "Migrator.SQLServerProvider", "Migrator.SQLServerProvider\Migrator.SQLServerProvider.csproj", "{3BE02667-1EB0-4671-8992-C2C8E1AD7606}"
EndProject
Project("{2150E333-8FDC-42A3-9474-1A3956D46DE8}") = "SQLProviders", "SQLProviders", "{966EBCA7-3A1E-4F76-BDFC-612ED1CBCB8C}"
EndProject
Project("{FAE04EC0-301F-11D3-BF4B-00C04F79EFBC}") = "Migrator.Commons", "Migrator.Commons\Migrator.Commons.csproj", "{08EE5EEE-8575-48E2-823F-50A027993013}"
EndProject
Project("{2150E333-8FDC-42A3-9474-1A3956D46DE8}") = "Tests", "Tests", "{E53FA848-252B-4C83-B3B7-F0F033C37709}"
EndProject
Global
	GlobalSection(SolutionConfigurationPlatforms) = preSolution
		Debug|Any CPU = Debug|Any CPU
		Release|Any CPU = Release|Any CPU
	EndGlobalSection
	GlobalSection(ProjectConfigurationPlatforms) = postSolution
		{5B7710F0-B8D5-4742-B42A-82F50EE6D4D9}.Debug|Any CPU.ActiveCfg = Debug|Any CPU
		{5B7710F0-B8D5-4742-B42A-82F50EE6D4D9}.Debug|Any CPU.Build.0 = Debug|Any CPU
		{5B7710F0-B8D5-4742-B42A-82F50EE6D4D9}.Release|Any CPU.ActiveCfg = Release|Any CPU
		{5B7710F0-B8D5-4742-B42A-82F50EE6D4D9}.Release|Any CPU.Build.0 = Release|Any CPU
		{10C74590-5E94-4AD2-9455-8779D2CBBBFE}.Debug|Any CPU.ActiveCfg = Debug|Any CPU
		{10C74590-5E94-4AD2-9455-8779D2CBBBFE}.Debug|Any CPU.Build.0 = Debug|Any CPU
		{10C74590-5E94-4AD2-9455-8779D2CBBBFE}.Release|Any CPU.ActiveCfg = Release|Any CPU
		{10C74590-5E94-4AD2-9455-8779D2CBBBFE}.Release|Any CPU.Build.0 = Release|Any CPU
		{256C3741-2E99-4B2C-8212-5358D3FA36CA}.Debug|Any CPU.ActiveCfg = Debug|Any CPU
		{256C3741-2E99-4B2C-8212-5358D3FA36CA}.Debug|Any CPU.Build.0 = Debug|Any CPU
		{256C3741-2E99-4B2C-8212-5358D3FA36CA}.Release|Any CPU.ActiveCfg = Release|Any CPU
		{256C3741-2E99-4B2C-8212-5358D3FA36CA}.Release|Any CPU.Build.0 = Release|Any CPU
		{9E8C493E-234B-492F-87F9-43DF48F91EE3}.Debug|Any CPU.ActiveCfg = Debug|Any CPU
		{9E8C493E-234B-492F-87F9-43DF48F91EE3}.Debug|Any CPU.Build.0 = Debug|Any CPU
		{9E8C493E-234B-492F-87F9-43DF48F91EE3}.Release|Any CPU.ActiveCfg = Release|Any CPU
		{9E8C493E-234B-492F-87F9-43DF48F91EE3}.Release|Any CPU.Build.0 = Release|Any CPU
		{27F7304F-FD36-4911-8F6E-A193250A9F39}.Debug|Any CPU.ActiveCfg = Debug|Any CPU
		{27F7304F-FD36-4911-8F6E-A193250A9F39}.Debug|Any CPU.Build.0 = Debug|Any CPU
		{27F7304F-FD36-4911-8F6E-A193250A9F39}.Release|Any CPU.ActiveCfg = Release|Any CPU
		{27F7304F-FD36-4911-8F6E-A193250A9F39}.Release|Any CPU.Build.0 = Release|Any CPU
		{3BE02667-1EB0-4671-8992-C2C8E1AD7606}.Debug|Any CPU.ActiveCfg = Debug|Any CPU
		{3BE02667-1EB0-4671-8992-C2C8E1AD7606}.Debug|Any CPU.Build.0 = Debug|Any CPU
		{3BE02667-1EB0-4671-8992-C2C8E1AD7606}.Release|Any CPU.ActiveCfg = Release|Any CPU
		{3BE02667-1EB0-4671-8992-C2C8E1AD7606}.Release|Any CPU.Build.0 = Release|Any CPU
		{08EE5EEE-8575-48E2-823F-50A027993013}.Debug|Any CPU.ActiveCfg = Debug|Any CPU
		{08EE5EEE-8575-48E2-823F-50A027993013}.Debug|Any CPU.Build.0 = Debug|Any CPU
		{08EE5EEE-8575-48E2-823F-50A027993013}.Release|Any CPU.ActiveCfg = Release|Any CPU
		{08EE5EEE-8575-48E2-823F-50A027993013}.Release|Any CPU.Build.0 = Release|Any CPU
	EndGlobalSection
	GlobalSection(SolutionProperties) = preSolution
		HideSolutionNode = FALSE
	EndGlobalSection
	GlobalSection(NestedProjects) = preSolution
		{256C3741-2E99-4B2C-8212-5358D3FA36CA} = {E53FA848-252B-4C83-B3B7-F0F033C37709}
		{3BE02667-1EB0-4671-8992-C2C8E1AD7606} = {966EBCA7-3A1E-4F76-BDFC-612ED1CBCB8C}
	EndGlobalSection
	GlobalSection(ExtensibilityGlobals) = postSolution
		SolutionGuid = {F6F16C59-43EB-4AF7-B644-8923A39C429C}
	EndGlobalSection
EndGlobal
